// !$*UTF8*$!
{
	archiveVersion = 1;
	classes = {
	};
	objectVersion = 56;
	objects = {

/* Begin PBXBuildFile section */
		037DAB982D1465B9002D4656 /* HackathonApp.swift in Sources */ = {isa = PBXBuildFile; fileRef = 037DAB972D1465B9002D4656 /* HackathonApp.swift */; };
		037DAB9A2D1465B9002D4656 /* ContentView.swift in Sources */ = {isa = PBXBuildFile; fileRef = 037DAB992D1465B9002D4656 /* ContentView.swift */; };
		037DAB9C2D1465BB002D4656 /* Assets.xcassets in Resources */ = {isa = PBXBuildFile; fileRef = 037DAB9B2D1465BB002D4656 /* Assets.xcassets */; };
		037DAB9F2D1465BB002D4656 /* Preview Assets.xcassets in Resources */ = {isa = PBXBuildFile; fileRef = 037DAB9E2D1465BB002D4656 /* Preview Assets.xcassets */; };
		037DABA92D1465BB002D4656 /* HackathonTests.swift in Sources */ = {isa = PBXBuildFile; fileRef = 037DABA82D1465BB002D4656 /* HackathonTests.swift */; };
		037DABB32D1465BB002D4656 /* HackathonUITests.swift in Sources */ = {isa = PBXBuildFile; fileRef = 037DABB22D1465BB002D4656 /* HackathonUITests.swift */; };
		037DABB52D1465BB002D4656 /* HackathonUITestsLaunchTests.swift in Sources */ = {isa = PBXBuildFile; fileRef = 037DABB42D1465BB002D4656 /* HackathonUITestsLaunchTests.swift */; };
		47CD183C2D146D5300920D00 /* WriteView.swift in Sources */ = {isa = PBXBuildFile; fileRef = 47CD183B2D146D4200920D00 /* WriteView.swift */; };
		037DABC42D146FA5002D4656 /* horse.jpeg in Resources */ = {isa = PBXBuildFile; fileRef = 037DABC32D146FA5002D4656 /* horse.jpeg */; };
		037DABC62D147020002D4656 /* Tweets.swift in Sources */ = {isa = PBXBuildFile; fileRef = 037DABC52D147020002D4656 /* Tweets.swift */; };
		B38662B12D1471B50023D636 /* ProfileView.swift in Sources */ = {isa = PBXBuildFile; fileRef = B38662B02D1471B50023D636 /* ProfileView.swift */; };
/* End PBXBuildFile section */

/* Begin PBXContainerItemProxy section */
		037DABA52D1465BB002D4656 /* PBXContainerItemProxy */ = {
			isa = PBXContainerItemProxy;
			containerPortal = 037DAB8C2D1465B9002D4656 /* Project object */;
			proxyType = 1;
			remoteGlobalIDString = 037DAB932D1465B9002D4656;
			remoteInfo = Hackathon;
		};
		037DABAF2D1465BB002D4656 /* PBXContainerItemProxy */ = {
			isa = PBXContainerItemProxy;
			containerPortal = 037DAB8C2D1465B9002D4656 /* Project object */;
			proxyType = 1;
			remoteGlobalIDString = 037DAB932D1465B9002D4656;
			remoteInfo = Hackathon;
		};
/* End PBXContainerItemProxy section */

/* Begin PBXFileReference section */
		037DAB942D1465B9002D4656 /* Hackathon.app */ = {isa = PBXFileReference; explicitFileType = wrapper.application; includeInIndex = 0; path = Hackathon.app; sourceTree = BUILT_PRODUCTS_DIR; };
		037DAB972D1465B9002D4656 /* HackathonApp.swift */ = {isa = PBXFileReference; lastKnownFileType = sourcecode.swift; path = HackathonApp.swift; sourceTree = "<group>"; };
		037DAB992D1465B9002D4656 /* ContentView.swift */ = {isa = PBXFileReference; lastKnownFileType = sourcecode.swift; path = ContentView.swift; sourceTree = "<group>"; };
		037DAB9B2D1465BB002D4656 /* Assets.xcassets */ = {isa = PBXFileReference; lastKnownFileType = folder.assetcatalog; path = Assets.xcassets; sourceTree = "<group>"; };
		037DAB9E2D1465BB002D4656 /* Preview Assets.xcassets */ = {isa = PBXFileReference; lastKnownFileType = folder.assetcatalog; path = "Preview Assets.xcassets"; sourceTree = "<group>"; };
		037DABA42D1465BB002D4656 /* HackathonTests.xctest */ = {isa = PBXFileReference; explicitFileType = wrapper.cfbundle; includeInIndex = 0; path = HackathonTests.xctest; sourceTree = BUILT_PRODUCTS_DIR; };
		037DABA82D1465BB002D4656 /* HackathonTests.swift */ = {isa = PBXFileReference; lastKnownFileType = sourcecode.swift; path = HackathonTests.swift; sourceTree = "<group>"; };
		037DABAE2D1465BB002D4656 /* HackathonUITests.xctest */ = {isa = PBXFileReference; explicitFileType = wrapper.cfbundle; includeInIndex = 0; path = HackathonUITests.xctest; sourceTree = BUILT_PRODUCTS_DIR; };
		037DABB22D1465BB002D4656 /* HackathonUITests.swift */ = {isa = PBXFileReference; lastKnownFileType = sourcecode.swift; path = HackathonUITests.swift; sourceTree = "<group>"; };
		037DABB42D1465BB002D4656 /* HackathonUITestsLaunchTests.swift */ = {isa = PBXFileReference; lastKnownFileType = sourcecode.swift; path = HackathonUITestsLaunchTests.swift; sourceTree = "<group>"; };
		47CD183B2D146D4200920D00 /* WriteView.swift */ = {isa = PBXFileReference; lastKnownFileType = sourcecode.swift; path = WriteView.swift; sourceTree = "<group>"; };
		037DABC32D146FA5002D4656 /* horse.jpeg */ = {isa = PBXFileReference; lastKnownFileType = image.jpeg; name = horse.jpeg; path = ../../../Downloads/horse.jpeg; sourceTree = "<group>"; };
		037DABC52D147020002D4656 /* Tweets.swift */ = {isa = PBXFileReference; lastKnownFileType = sourcecode.swift; path = Tweets.swift; sourceTree = "<group>"; };
		B38662B02D1471B50023D636 /* ProfileView.swift */ = {isa = PBXFileReference; lastKnownFileType = sourcecode.swift; path = ProfileView.swift; sourceTree = "<group>"; };
/* End PBXFileReference section */

/* Begin PBXFrameworksBuildPhase section */
		037DAB912D1465B9002D4656 /* Frameworks */ = {
			isa = PBXFrameworksBuildPhase;
			buildActionMask = 2147483647;
			files = (
			);
			runOnlyForDeploymentPostprocessing = 0;
		};
		037DABA12D1465BB002D4656 /* Frameworks */ = {
			isa = PBXFrameworksBuildPhase;
			buildActionMask = 2147483647;
			files = (
			);
			runOnlyForDeploymentPostprocessing = 0;
		};
		037DABAB2D1465BB002D4656 /* Frameworks */ = {
			isa = PBXFrameworksBuildPhase;
			buildActionMask = 2147483647;
			files = (
			);
			runOnlyForDeploymentPostprocessing = 0;
		};
/* End PBXFrameworksBuildPhase section */

/* Begin PBXGroup section */
		037DAB8B2D1465B9002D4656 = {
			isa = PBXGroup;
			children = (
				037DAB962D1465B9002D4656 /* Hackathon */,
				037DABA72D1465BB002D4656 /* HackathonTests */,
				037DABB12D1465BB002D4656 /* HackathonUITests */,
				037DAB952D1465B9002D4656 /* Products */,
			);
			sourceTree = "<group>";
		};
		037DAB952D1465B9002D4656 /* Products */ = {
			isa = PBXGroup;
			children = (
				037DAB942D1465B9002D4656 /* Hackathon.app */,
				037DABA42D1465BB002D4656 /* HackathonTests.xctest */,
				037DABAE2D1465BB002D4656 /* HackathonUITests.xctest */,
			);
			name = Products;
			sourceTree = "<group>";
		};
		037DAB962D1465B9002D4656 /* Hackathon */ = {
			isa = PBXGroup;
			children = (
				47CD183B2D146D4200920D00 /* WriteView.swift */,
				037DAB972D1465B9002D4656 /* HackathonApp.swift */,
				037DAB992D1465B9002D4656 /* ContentView.swift */,
				B38662B02D1471B50023D636 /* ProfileView.swift */,
				037DABC52D147020002D4656 /* Tweets.swift */,
				037DAB9B2D1465BB002D4656 /* Assets.xcassets */,
				037DABC32D146FA5002D4656 /* horse.jpeg */,
				037DAB9D2D1465BB002D4656 /* Preview Content */,
			);
			path = Hackathon;
			sourceTree = "<group>";
		};
		037DAB9D2D1465BB002D4656 /* Preview Content */ = {
			isa = PBXGroup;
			children = (
				037DAB9E2D1465BB002D4656 /* Preview Assets.xcassets */,
			);
			path = "Preview Content";
			sourceTree = "<group>";
		};
		037DABA72D1465BB002D4656 /* HackathonTests */ = {
			isa = PBXGroup;
			children = (
				037DABA82D1465BB002D4656 /* HackathonTests.swift */,
			);
			path = HackathonTests;
			sourceTree = "<group>";
		};
		037DABB12D1465BB002D4656 /* HackathonUITests */ = {
			isa = PBXGroup;
			children = (
				037DABB22D1465BB002D4656 /* HackathonUITests.swift */,
				037DABB42D1465BB002D4656 /* HackathonUITestsLaunchTests.swift */,
			);
			path = HackathonUITests;
			sourceTree = "<group>";
		};
/* End PBXGroup section */

/* Begin PBXNativeTarget section */
		037DAB932D1465B9002D4656 /* Hackathon */ = {
			isa = PBXNativeTarget;
			buildConfigurationList = 037DABB82D1465BB002D4656 /* Build configuration list for PBXNativeTarget "Hackathon" */;
			buildPhases = (
				037DAB902D1465B9002D4656 /* Sources */,
				037DAB912D1465B9002D4656 /* Frameworks */,
				037DAB922D1465B9002D4656 /* Resources */,
			);
			buildRules = (
			);
			dependencies = (
			);
			name = Hackathon;
			productName = Hackathon;
			productReference = 037DAB942D1465B9002D4656 /* Hackathon.app */;
			productType = "com.apple.product-type.application";
		};
		037DABA32D1465BB002D4656 /* HackathonTests */ = {
			isa = PBXNativeTarget;
			buildConfigurationList = 037DABBB2D1465BB002D4656 /* Build configuration list for PBXNativeTarget "HackathonTests" */;
			buildPhases = (
				037DABA02D1465BB002D4656 /* Sources */,
				037DABA12D1465BB002D4656 /* Frameworks */,
				037DABA22D1465BB002D4656 /* Resources */,
			);
			buildRules = (
			);
			dependencies = (
				037DABA62D1465BB002D4656 /* PBXTargetDependency */,
			);
			name = HackathonTests;
			productName = HackathonTests;
			productReference = 037DABA42D1465BB002D4656 /* HackathonTests.xctest */;
			productType = "com.apple.product-type.bundle.unit-test";
		};
		037DABAD2D1465BB002D4656 /* HackathonUITests */ = {
			isa = PBXNativeTarget;
			buildConfigurationList = 037DABBE2D1465BB002D4656 /* Build configuration list for PBXNativeTarget "HackathonUITests" */;
			buildPhases = (
				037DABAA2D1465BB002D4656 /* Sources */,
				037DABAB2D1465BB002D4656 /* Frameworks */,
				037DABAC2D1465BB002D4656 /* Resources */,
			);
			buildRules = (
			);
			dependencies = (
				037DABB02D1465BB002D4656 /* PBXTargetDependency */,
			);
			name = HackathonUITests;
			productName = HackathonUITests;
			productReference = 037DABAE2D1465BB002D4656 /* HackathonUITests.xctest */;
			productType = "com.apple.product-type.bundle.ui-testing";
		};
/* End PBXNativeTarget section */

/* Begin PBXProject section */
		037DAB8C2D1465B9002D4656 /* Project object */ = {
			isa = PBXProject;
			attributes = {
				BuildIndependentTargetsInParallel = 1;
				LastSwiftUpdateCheck = 1530;
				LastUpgradeCheck = 1530;
				TargetAttributes = {
					037DAB932D1465B9002D4656 = {
						CreatedOnToolsVersion = 15.3;
					};
					037DABA32D1465BB002D4656 = {
						CreatedOnToolsVersion = 15.3;
						TestTargetID = 037DAB932D1465B9002D4656;
					};
					037DABAD2D1465BB002D4656 = {
						CreatedOnToolsVersion = 15.3;
						TestTargetID = 037DAB932D1465B9002D4656;
					};
				};
			};
			buildConfigurationList = 037DAB8F2D1465B9002D4656 /* Build configuration list for PBXProject "Hackathon" */;
			compatibilityVersion = "Xcode 14.0";
			developmentRegion = en;
			hasScannedForEncodings = 0;
			knownRegions = (
				en,
				Base,
			);
			mainGroup = 037DAB8B2D1465B9002D4656;
			productRefGroup = 037DAB952D1465B9002D4656 /* Products */;
			projectDirPath = "";
			projectRoot = "";
			targets = (
				037DAB932D1465B9002D4656 /* Hackathon */,
				037DABA32D1465BB002D4656 /* HackathonTests */,
				037DABAD2D1465BB002D4656 /* HackathonUITests */,
			);
		};
/* End PBXProject section */

/* Begin PBXResourcesBuildPhase section */
		037DAB922D1465B9002D4656 /* Resources */ = {
			isa = PBXResourcesBuildPhase;
			buildActionMask = 2147483647;
			files = (
				037DAB9F2D1465BB002D4656 /* Preview Assets.xcassets in Resources */,
				037DAB9C2D1465BB002D4656 /* Assets.xcassets in Resources */,
				037DABC42D146FA5002D4656 /* horse.jpeg in Resources */,
			);
			runOnlyForDeploymentPostprocessing = 0;
		};
		037DABA22D1465BB002D4656 /* Resources */ = {
			isa = PBXResourcesBuildPhase;
			buildActionMask = 2147483647;
			files = (
			);
			runOnlyForDeploymentPostprocessing = 0;
		};
		037DABAC2D1465BB002D4656 /* Resources */ = {
			isa = PBXResourcesBuildPhase;
			buildActionMask = 2147483647;
			files = (
			);
			runOnlyForDeploymentPostprocessing = 0;
		};
/* End PBXResourcesBuildPhase section */

/* Begin PBXSourcesBuildPhase section */
		037DAB902D1465B9002D4656 /* Sources */ = {
			isa = PBXSourcesBuildPhase;
			buildActionMask = 2147483647;
			files = (
				B38662B12D1471B50023D636 /* ProfileView.swift in Sources */,
				037DAB9A2D1465B9002D4656 /* ContentView.swift in Sources */,
				037DAB982D1465B9002D4656 /* HackathonApp.swift in Sources */,
				47CD183C2D146D5300920D00 /* WriteView.swift in Sources */,
				037DABC62D147020002D4656 /* Tweets.swift in Sources */,
			);
			runOnlyForDeploymentPostprocessing = 0;
		};
		037DABA02D1465BB002D4656 /* Sources */ = {
			isa = PBXSourcesBuildPhase;
			buildActionMask = 2147483647;
			files = (
				037DABA92D1465BB002D4656 /* HackathonTests.swift in Sources */,
			);
			runOnlyForDeploymentPostprocessing = 0;
		};
		037DABAA2D1465BB002D4656 /* Sources */ = {
			isa = PBXSourcesBuildPhase;
			buildActionMask = 2147483647;
			files = (
				037DABB52D1465BB002D4656 /* HackathonUITestsLaunchTests.swift in Sources */,
				037DABB32D1465BB002D4656 /* HackathonUITests.swift in Sources */,
			);
			runOnlyForDeploymentPostprocessing = 0;
		};
/* End PBXSourcesBuildPhase section */

/* Begin PBXTargetDependency section */
		037DABA62D1465BB002D4656 /* PBXTargetDependency */ = {
			isa = PBXTargetDependency;
			target = 037DAB932D1465B9002D4656 /* Hackathon */;
			targetProxy = 037DABA52D1465BB002D4656 /* PBXContainerItemProxy */;
		};
		037DABB02D1465BB002D4656 /* PBXTargetDependency */ = {
			isa = PBXTargetDependency;
			target = 037DAB932D1465B9002D4656 /* Hackathon */;
			targetProxy = 037DABAF2D1465BB002D4656 /* PBXContainerItemProxy */;
		};
/* End PBXTargetDependency section */

/* Begin XCBuildConfiguration section */
		037DABB62D1465BB002D4656 /* Debug */ = {
			isa = XCBuildConfiguration;
			buildSettings = {
				ALWAYS_SEARCH_USER_PATHS = NO;
				ASSETCATALOG_COMPILER_GENERATE_SWIFT_ASSET_SYMBOL_EXTENSIONS = YES;
				CLANG_ANALYZER_NONNULL = YES;
				CLANG_ANALYZER_NUMBER_OBJECT_CONVERSION = YES_AGGRESSIVE;
				CLANG_CXX_LANGUAGE_STANDARD = "gnu++20";
				CLANG_ENABLE_MODULES = YES;
				CLANG_ENABLE_OBJC_ARC = YES;
				CLANG_ENABLE_OBJC_WEAK = YES;
				CLANG_WARN_BLOCK_CAPTURE_AUTORELEASING = YES;
				CLANG_WARN_BOOL_CONVERSION = YES;
				CLANG_WARN_COMMA = YES;
				CLANG_WARN_CONSTANT_CONVERSION = YES;
				CLANG_WARN_DEPRECATED_OBJC_IMPLEMENTATIONS = YES;
				CLANG_WARN_DIRECT_OBJC_ISA_USAGE = YES_ERROR;
				CLANG_WARN_DOCUMENTATION_COMMENTS = YES;
				CLANG_WARN_EMPTY_BODY = YES;
				CLANG_WARN_ENUM_CONVERSION = YES;
				CLANG_WARN_INFINITE_RECURSION = YES;
				CLANG_WARN_INT_CONVERSION = YES;
				CLANG_WARN_NON_LITERAL_NULL_CONVERSION = YES;
				CLANG_WARN_OBJC_IMPLICIT_RETAIN_SELF = YES;
				CLANG_WARN_OBJC_LITERAL_CONVERSION = YES;
				CLANG_WARN_OBJC_ROOT_CLASS = YES_ERROR;
				CLANG_WARN_QUOTED_INCLUDE_IN_FRAMEWORK_HEADER = YES;
				CLANG_WARN_RANGE_LOOP_ANALYSIS = YES;
				CLANG_WARN_STRICT_PROTOTYPES = YES;
				CLANG_WARN_SUSPICIOUS_MOVE = YES;
				CLANG_WARN_UNGUARDED_AVAILABILITY = YES_AGGRESSIVE;
				CLANG_WARN_UNREACHABLE_CODE = YES;
				CLANG_WARN__DUPLICATE_METHOD_MATCH = YES;
				COPY_PHASE_STRIP = NO;
				DEBUG_INFORMATION_FORMAT = dwarf;
				ENABLE_STRICT_OBJC_MSGSEND = YES;
				ENABLE_TESTABILITY = YES;
				ENABLE_USER_SCRIPT_SANDBOXING = YES;
				GCC_C_LANGUAGE_STANDARD = gnu17;
				GCC_DYNAMIC_NO_PIC = NO;
				GCC_NO_COMMON_BLOCKS = YES;
				GCC_OPTIMIZATION_LEVEL = 0;
				GCC_PREPROCESSOR_DEFINITIONS = (
					"DEBUG=1",
					"$(inherited)",
				);
				GCC_WARN_64_TO_32_BIT_CONVERSION = YES;
				GCC_WARN_ABOUT_RETURN_TYPE = YES_ERROR;
				GCC_WARN_UNDECLARED_SELECTOR = YES;
				GCC_WARN_UNINITIALIZED_AUTOS = YES_AGGRESSIVE;
				GCC_WARN_UNUSED_FUNCTION = YES;
				GCC_WARN_UNUSED_VARIABLE = YES;
				IPHONEOS_DEPLOYMENT_TARGET = 17.4;
				LOCALIZATION_PREFERS_STRING_CATALOGS = YES;
				MTL_ENABLE_DEBUG_INFO = INCLUDE_SOURCE;
				MTL_FAST_MATH = YES;
				ONLY_ACTIVE_ARCH = YES;
				SDKROOT = iphoneos;
				SWIFT_ACTIVE_COMPILATION_CONDITIONS = "DEBUG $(inherited)";
				SWIFT_OPTIMIZATION_LEVEL = "-Onone";
			};
			name = Debug;
		};
		037DABB72D1465BB002D4656 /* Release */ = {
			isa = XCBuildConfiguration;
			buildSettings = {
				ALWAYS_SEARCH_USER_PATHS = NO;
				ASSETCATALOG_COMPILER_GENERATE_SWIFT_ASSET_SYMBOL_EXTENSIONS = YES;
				CLANG_ANALYZER_NONNULL = YES;
				CLANG_ANALYZER_NUMBER_OBJECT_CONVERSION = YES_AGGRESSIVE;
				CLANG_CXX_LANGUAGE_STANDARD = "gnu++20";
				CLANG_ENABLE_MODULES = YES;
				CLANG_ENABLE_OBJC_ARC = YES;
				CLANG_ENABLE_OBJC_WEAK = YES;
				CLANG_WARN_BLOCK_CAPTURE_AUTORELEASING = YES;
				CLANG_WARN_BOOL_CONVERSION = YES;
				CLANG_WARN_COMMA = YES;
				CLANG_WARN_CONSTANT_CONVERSION = YES;
				CLANG_WARN_DEPRECATED_OBJC_IMPLEMENTATIONS = YES;
				CLANG_WARN_DIRECT_OBJC_ISA_USAGE = YES_ERROR;
				CLANG_WARN_DOCUMENTATION_COMMENTS = YES;
				CLANG_WARN_EMPTY_BODY = YES;
				CLANG_WARN_ENUM_CONVERSION = YES;
				CLANG_WARN_INFINITE_RECURSION = YES;
				CLANG_WARN_INT_CONVERSION = YES;
				CLANG_WARN_NON_LITERAL_NULL_CONVERSION = YES;
				CLANG_WARN_OBJC_IMPLICIT_RETAIN_SELF = YES;
				CLANG_WARN_OBJC_LITERAL_CONVERSION = YES;
				CLANG_WARN_OBJC_ROOT_CLASS = YES_ERROR;
				CLANG_WARN_QUOTED_INCLUDE_IN_FRAMEWORK_HEADER = YES;
				CLANG_WARN_RANGE_LOOP_ANALYSIS = YES;
				CLANG_WARN_STRICT_PROTOTYPES = YES;
				CLANG_WARN_SUSPICIOUS_MOVE = YES;
				CLANG_WARN_UNGUARDED_AVAILABILITY = YES_AGGRESSIVE;
				CLANG_WARN_UNREACHABLE_CODE = YES;
				CLANG_WARN__DUPLICATE_METHOD_MATCH = YES;
				COPY_PHASE_STRIP = NO;
				DEBUG_INFORMATION_FORMAT = "dwarf-with-dsym";
				ENABLE_NS_ASSERTIONS = NO;
				ENABLE_STRICT_OBJC_MSGSEND = YES;
				ENABLE_USER_SCRIPT_SANDBOXING = YES;
				GCC_C_LANGUAGE_STANDARD = gnu17;
				GCC_NO_COMMON_BLOCKS = YES;
				GCC_WARN_64_TO_32_BIT_CONVERSION = YES;
				GCC_WARN_ABOUT_RETURN_TYPE = YES_ERROR;
				GCC_WARN_UNDECLARED_SELECTOR = YES;
				GCC_WARN_UNINITIALIZED_AUTOS = YES_AGGRESSIVE;
				GCC_WARN_UNUSED_FUNCTION = YES;
				GCC_WARN_UNUSED_VARIABLE = YES;
				IPHONEOS_DEPLOYMENT_TARGET = 17.4;
				LOCALIZATION_PREFERS_STRING_CATALOGS = YES;
				MTL_ENABLE_DEBUG_INFO = NO;
				MTL_FAST_MATH = YES;
				SDKROOT = iphoneos;
				SWIFT_COMPILATION_MODE = wholemodule;
				VALIDATE_PRODUCT = YES;
			};
			name = Release;
		};
		037DABB92D1465BB002D4656 /* Debug */ = {
			isa = XCBuildConfiguration;
			buildSettings = {
				ASSETCATALOG_COMPILER_APPICON_NAME = AppIcon;
				ASSETCATALOG_COMPILER_GLOBAL_ACCENT_COLOR_NAME = AccentColor;
				CODE_SIGN_STYLE = Automatic;
				CURRENT_PROJECT_VERSION = 1;
				DEVELOPMENT_ASSET_PATHS = "\"Hackathon/Preview Content\"";
				ENABLE_PREVIEWS = YES;
				GENERATE_INFOPLIST_FILE = YES;
				INFOPLIST_KEY_UIApplicationSceneManifest_Generation = YES;
				INFOPLIST_KEY_UIApplicationSupportsIndirectInputEvents = YES;
				INFOPLIST_KEY_UILaunchScreen_Generation = YES;
				INFOPLIST_KEY_UISupportedInterfaceOrientations_iPad = "UIInterfaceOrientationPortrait UIInterfaceOrientationPortraitUpsideDown UIInterfaceOrientationLandscapeLeft UIInterfaceOrientationLandscapeRight";
				INFOPLIST_KEY_UISupportedInterfaceOrientations_iPhone = "UIInterfaceOrientationPortrait UIInterfaceOrientationLandscapeLeft UIInterfaceOrientationLandscapeRight";
				LD_RUNPATH_SEARCH_PATHS = (
					"$(inherited)",
					"@executable_path/Frameworks",
				);
				MARKETING_VERSION = 1.0;
				PRODUCT_BUNDLE_IDENTIFIER = com.Anastasiasapps.Hackathon;
				PRODUCT_NAME = "$(TARGET_NAME)";
				SWIFT_EMIT_LOC_STRINGS = YES;
				SWIFT_VERSION = 5.0;
				TARGETED_DEVICE_FAMILY = "1,2";
			};
			name = Debug;
		};
		037DABBA2D1465BB002D4656 /* Release */ = {
			isa = XCBuildConfiguration;
			buildSettings = {
				ASSETCATALOG_COMPILER_APPICON_NAME = AppIcon;
				ASSETCATALOG_COMPILER_GLOBAL_ACCENT_COLOR_NAME = AccentColor;
				CODE_SIGN_STYLE = Automatic;
				CURRENT_PROJECT_VERSION = 1;
				DEVELOPMENT_ASSET_PATHS = "\"Hackathon/Preview Content\"";
				ENABLE_PREVIEWS = YES;
				GENERATE_INFOPLIST_FILE = YES;
				INFOPLIST_KEY_UIApplicationSceneManifest_Generation = YES;
				INFOPLIST_KEY_UIApplicationSupportsIndirectInputEvents = YES;
				INFOPLIST_KEY_UILaunchScreen_Generation = YES;
				INFOPLIST_KEY_UISupportedInterfaceOrientations_iPad = "UIInterfaceOrientationPortrait UIInterfaceOrientationPortraitUpsideDown UIInterfaceOrientationLandscapeLeft UIInterfaceOrientationLandscapeRight";
				INFOPLIST_KEY_UISupportedInterfaceOrientations_iPhone = "UIInterfaceOrientationPortrait UIInterfaceOrientationLandscapeLeft UIInterfaceOrientationLandscapeRight";
				LD_RUNPATH_SEARCH_PATHS = (
					"$(inherited)",
					"@executable_path/Frameworks",
				);
				MARKETING_VERSION = 1.0;
				PRODUCT_BUNDLE_IDENTIFIER = com.Anastasiasapps.Hackathon;
				PRODUCT_NAME = "$(TARGET_NAME)";
				SWIFT_EMIT_LOC_STRINGS = YES;
				SWIFT_VERSION = 5.0;
				TARGETED_DEVICE_FAMILY = "1,2";
			};
			name = Release;
		};
		037DABBC2D1465BB002D4656 /* Debug */ = {
			isa = XCBuildConfiguration;
			buildSettings = {
				ALWAYS_EMBED_SWIFT_STANDARD_LIBRARIES = YES;
				BUNDLE_LOADER = "$(TEST_HOST)";
				CODE_SIGN_STYLE = Automatic;
				CURRENT_PROJECT_VERSION = 1;
				GENERATE_INFOPLIST_FILE = YES;
				IPHONEOS_DEPLOYMENT_TARGET = 17.4;
				MARKETING_VERSION = 1.0;
				PRODUCT_BUNDLE_IDENTIFIER = com.Anastasiasapps.HackathonTests;
				PRODUCT_NAME = "$(TARGET_NAME)";
				SWIFT_EMIT_LOC_STRINGS = NO;
				SWIFT_VERSION = 5.0;
				TARGETED_DEVICE_FAMILY = "1,2";
				TEST_HOST = "$(BUILT_PRODUCTS_DIR)/Hackathon.app/$(BUNDLE_EXECUTABLE_FOLDER_PATH)/Hackathon";
			};
			name = Debug;
		};
		037DABBD2D1465BB002D4656 /* Release */ = {
			isa = XCBuildConfiguration;
			buildSettings = {
				ALWAYS_EMBED_SWIFT_STANDARD_LIBRARIES = YES;
				BUNDLE_LOADER = "$(TEST_HOST)";
				CODE_SIGN_STYLE = Automatic;
				CURRENT_PROJECT_VERSION = 1;
				GENERATE_INFOPLIST_FILE = YES;
				IPHONEOS_DEPLOYMENT_TARGET = 17.4;
				MARKETING_VERSION = 1.0;
				PRODUCT_BUNDLE_IDENTIFIER = com.Anastasiasapps.HackathonTests;
				PRODUCT_NAME = "$(TARGET_NAME)";
				SWIFT_EMIT_LOC_STRINGS = NO;
				SWIFT_VERSION = 5.0;
				TARGETED_DEVICE_FAMILY = "1,2";
				TEST_HOST = "$(BUILT_PRODUCTS_DIR)/Hackathon.app/$(BUNDLE_EXECUTABLE_FOLDER_PATH)/Hackathon";
			};
			name = Release;
		};
		037DABBF2D1465BB002D4656 /* Debug */ = {
			isa = XCBuildConfiguration;
			buildSettings = {
				ALWAYS_EMBED_SWIFT_STANDARD_LIBRARIES = YES;
				CODE_SIGN_STYLE = Automatic;
				CURRENT_PROJECT_VERSION = 1;
				GENERATE_INFOPLIST_FILE = YES;
				MARKETING_VERSION = 1.0;
				PRODUCT_BUNDLE_IDENTIFIER = com.Anastasiasapps.HackathonUITests;
				PRODUCT_NAME = "$(TARGET_NAME)";
				SWIFT_EMIT_LOC_STRINGS = NO;
				SWIFT_VERSION = 5.0;
				TARGETED_DEVICE_FAMILY = "1,2";
				TEST_TARGET_NAME = Hackathon;
			};
			name = Debug;
		};
		037DABC02D1465BB002D4656 /* Release */ = {
			isa = XCBuildConfiguration;
			buildSettings = {
				ALWAYS_EMBED_SWIFT_STANDARD_LIBRARIES = YES;
				CODE_SIGN_STYLE = Automatic;
				CURRENT_PROJECT_VERSION = 1;
				GENERATE_INFOPLIST_FILE = YES;
				MARKETING_VERSION = 1.0;
				PRODUCT_BUNDLE_IDENTIFIER = com.Anastasiasapps.HackathonUITests;
				PRODUCT_NAME = "$(TARGET_NAME)";
				SWIFT_EMIT_LOC_STRINGS = NO;
				SWIFT_VERSION = 5.0;
				TARGETED_DEVICE_FAMILY = "1,2";
				TEST_TARGET_NAME = Hackathon;
			};
			name = Release;
		};
/* End XCBuildConfiguration section */

/* Begin XCConfigurationList section */
		037DAB8F2D1465B9002D4656 /* Build configuration list for PBXProject "Hackathon" */ = {
			isa = XCConfigurationList;
			buildConfigurations = (
				037DABB62D1465BB002D4656 /* Debug */,
				037DABB72D1465BB002D4656 /* Release */,
			);
			defaultConfigurationIsVisible = 0;
			defaultConfigurationName = Release;
		};
		037DABB82D1465BB002D4656 /* Build configuration list for PBXNativeTarget "Hackathon" */ = {
			isa = XCConfigurationList;
			buildConfigurations = (
				037DABB92D1465BB002D4656 /* Debug */,
				037DABBA2D1465BB002D4656 /* Release */,
			);
			defaultConfigurationIsVisible = 0;
			defaultConfigurationName = Release;
		};
		037DABBB2D1465BB002D4656 /* Build configuration list for PBXNativeTarget "HackathonTests" */ = {
			isa = XCConfigurationList;
			buildConfigurations = (
				037DABBC2D1465BB002D4656 /* Debug */,
				037DABBD2D1465BB002D4656 /* Release */,
			);
			defaultConfigurationIsVisible = 0;
			defaultConfigurationName = Release;
		};
		037DABBE2D1465BB002D4656 /* Build configuration list for PBXNativeTarget "HackathonUITests" */ = {
			isa = XCConfigurationList;
			buildConfigurations = (
				037DABBF2D1465BB002D4656 /* Debug */,
				037DABC02D1465BB002D4656 /* Release */,
			);
			defaultConfigurationIsVisible = 0;
			defaultConfigurationName = Release;
		};
/* End XCConfigurationList section */
	};
	rootObject = 037DAB8C2D1465B9002D4656 /* Project object */;
}
